
Microsoft Visual Studio Solution File, Format Version 12.00
# Visual Studio Version 17
VisualStudioVersion = 17.6.33723.286
MinimumVisualStudioVersion = 10.0.40219.1
Project("{FAE04EC0-301F-11D3-BF4B-00C04F79EFBC}") = "bubububu", "bubububu\bubububu.csproj", "{BDD583C3-B4C4-4CB9-88B4-7A1681CD89D0}"
EndProject
Global
	GlobalSection(SolutionConfigurationPlatforms) = preSolution
		Debug|Any CPU = Debug|Any CPU
		Release|Any CPU = Release|Any CPU
	EndGlobalSection
	GlobalSection(ProjectConfigurationPlatforms) = postSolution
		{BDD583C3-B4C4-4CB9-88B4-7A1681CD89D0}.Debug|Any CPU.ActiveCfg = Debug|Any CPU
		{BDD583C3-B4C4-4CB9-88B4-7A1681CD89D0}.Debug|Any CPU.Build.0 = Debug|Any CPU
		{BDD583C3-B4C4-4CB9-88B4-7A1681CD89D0}.Release|Any CPU.ActiveCfg = Release|Any CPU
		{BDD583C3-B4C4-4CB9-88B4-7A1681CD89D0}.Release|Any CPU.Build.0 = Release|Any CPU
	EndGlobalSection
	GlobalSection(SolutionProperties) = preSolution
		HideSolutionNode = FALSE
	EndGlobalSection
	GlobalSection(ExtensibilityGlobals) = postSolution
		SolutionGuid = {F32DD6FE-BF51-4A37-85D4-0740282EB727}
	EndGlobalSection
EndGlobal
